
Microsoft Visual Studio Solution File, Format Version 12.00
# Visual Studio Version 16
VisualStudioVersion = 16.0.30002.166
MinimumVisualStudioVersion = 10.0.40219.1
Project("{FAE04EC0-301F-11D3-BF4B-00C04F79EFBC}") = "MovieLab11", "MovieLab11.csproj", "{964E2783-E482-4677-AD66-0CA4D525C6EC}"
EndProject
Global
	GlobalSection(SolutionConfigurationPlatforms) = preSolution
		Debug|Any CPU = Debug|Any CPU
		Release|Any CPU = Release|Any CPU
	EndGlobalSection
	GlobalSection(ProjectConfigurationPlatforms) = postSolution
		{964E2783-E482-4677-AD66-0CA4D525C6EC}.Debug|Any CPU.ActiveCfg = Debug|Any CPU
		{964E2783-E482-4677-AD66-0CA4D525C6EC}.Debug|Any CPU.Build.0 = Debug|Any CPU
		{964E2783-E482-4677-AD66-0CA4D525C6EC}.Release|Any CPU.ActiveCfg = Release|Any CPU
		{964E2783-E482-4677-AD66-0CA4D525C6EC}.Release|Any CPU.Build.0 = Release|Any CPU
	EndGlobalSection
	GlobalSection(SolutionProperties) = preSolution
		HideSolutionNode = FALSE
	EndGlobalSection
	GlobalSection(ExtensibilityGlobals) = postSolution
		SolutionGuid = {EA174907-2C68-4E5E-A6DE-92F69632FF27}
	EndGlobalSection
EndGlobal
